// !$*UTF8*$!
{
	archiveVersion = 1;
	classes = {
	};
	objectVersion = 50;
	objects = {

/* Begin PBXBuildFile section */
		C05430C3246F431900A7D067 /* AppDelegate.swift in Sources */ = {isa = PBXBuildFile; fileRef = C05430C2246F431900A7D067 /* AppDelegate.swift */; };
		C05430C5246F431900A7D067 /* SceneDelegate.swift in Sources */ = {isa = PBXBuildFile; fileRef = C05430C4246F431900A7D067 /* SceneDelegate.swift */; };
		C05430C7246F431900A7D067 /* ViewController.swift in Sources */ = {isa = PBXBuildFile; fileRef = C05430C6246F431900A7D067 /* ViewController.swift */; };
		C05430CA246F431900A7D067 /* Main.storyboard in Resources */ = {isa = PBXBuildFile; fileRef = C05430C8246F431900A7D067 /* Main.storyboard */; };
		C05430CC246F431A00A7D067 /* Assets.xcassets in Resources */ = {isa = PBXBuildFile; fileRef = C05430CB246F431A00A7D067 /* Assets.xcassets */; };
		C05430CF246F431A00A7D067 /* LaunchScreen.storyboard in Resources */ = {isa = PBXBuildFile; fileRef = C05430CD246F431A00A7D067 /* LaunchScreen.storyboard */; };
		C05430DA246F480B00A7D067 /* StudentLocation.swift in Sources */ = {isa = PBXBuildFile; fileRef = C05430D9246F480B00A7D067 /* StudentLocation.swift */; };
		C05430DE246F4B3400A7D067 /* ACL.swift in Sources */ = {isa = PBXBuildFile; fileRef = C05430DD246F4B3400A7D067 /* ACL.swift */; };
		C05430E0246F522200A7D067 /* Student.swift in Sources */ = {isa = PBXBuildFile; fileRef = C05430DF246F522200A7D067 /* Student.swift */; };
/* End PBXBuildFile section */

/* Begin PBXFileReference section */
		C05430BF246F431900A7D067 /* OnTheMap.app */ = {isa = PBXFileReference; explicitFileType = wrapper.application; includeInIndex = 0; path = OnTheMap.app; sourceTree = BUILT_PRODUCTS_DIR; };
		C05430C2246F431900A7D067 /* AppDelegate.swift */ = {isa = PBXFileReference; lastKnownFileType = sourcecode.swift; path = AppDelegate.swift; sourceTree = "<group>"; };
		C05430C4246F431900A7D067 /* SceneDelegate.swift */ = {isa = PBXFileReference; lastKnownFileType = sourcecode.swift; path = SceneDelegate.swift; sourceTree = "<group>"; };
		C05430C6246F431900A7D067 /* ViewController.swift */ = {isa = PBXFileReference; lastKnownFileType = sourcecode.swift; path = ViewController.swift; sourceTree = "<group>"; };
		C05430C9246F431900A7D067 /* Base */ = {isa = PBXFileReference; lastKnownFileType = file.storyboard; name = Base; path = Base.lproj/Main.storyboard; sourceTree = "<group>"; };
		C05430CB246F431A00A7D067 /* Assets.xcassets */ = {isa = PBXFileReference; lastKnownFileType = folder.assetcatalog; path = Assets.xcassets; sourceTree = "<group>"; };
		C05430CE246F431A00A7D067 /* Base */ = {isa = PBXFileReference; lastKnownFileType = file.storyboard; name = Base; path = Base.lproj/LaunchScreen.storyboard; sourceTree = "<group>"; };
		C05430D0246F431A00A7D067 /* Info.plist */ = {isa = PBXFileReference; lastKnownFileType = text.plist.xml; path = Info.plist; sourceTree = "<group>"; };
		C05430D9246F480B00A7D067 /* StudentLocation.swift */ = {isa = PBXFileReference; lastKnownFileType = sourcecode.swift; path = StudentLocation.swift; sourceTree = "<group>"; };
		C05430DD246F4B3400A7D067 /* ACL.swift */ = {isa = PBXFileReference; lastKnownFileType = sourcecode.swift; path = ACL.swift; sourceTree = "<group>"; };
		C05430DF246F522200A7D067 /* Student.swift */ = {isa = PBXFileReference; lastKnownFileType = sourcecode.swift; path = Student.swift; sourceTree = "<group>"; };
/* End PBXFileReference section */

/* Begin PBXFrameworksBuildPhase section */
		C05430BC246F431900A7D067 /* Frameworks */ = {
			isa = PBXFrameworksBuildPhase;
			buildActionMask = 2147483647;
			files = (
			);
			runOnlyForDeploymentPostprocessing = 0;
		};
/* End PBXFrameworksBuildPhase section */

/* Begin PBXGroup section */
		C05430B6246F431900A7D067 = {
			isa = PBXGroup;
			children = (
				C05430C1246F431900A7D067 /* OnTheMap */,
				C05430C0246F431900A7D067 /* Products */,
			);
			sourceTree = "<group>";
		};
		C05430C0246F431900A7D067 /* Products */ = {
			isa = PBXGroup;
			children = (
				C05430BF246F431900A7D067 /* OnTheMap.app */,
			);
			name = Products;
			sourceTree = "<group>";
		};
		C05430C1246F431900A7D067 /* OnTheMap */ = {
			isa = PBXGroup;
			children = (
				C05430C2246F431900A7D067 /* AppDelegate.swift */,
				C05430C4246F431900A7D067 /* SceneDelegate.swift */,
				C05430D0246F431A00A7D067 /* Info.plist */,
				C05430D8246F434700A7D067 /* Controller */,
				C05430D7246F434100A7D067 /* View */,
				C05430D6246F433400A7D067 /* Model */,
			);
			path = OnTheMap;
			sourceTree = "<group>";
		};
		C05430D6246F433400A7D067 /* Model */ = {
			isa = PBXGroup;
			children = (
				C05430E4246F55DD00A7D067 /* Data */,
				C05430E3246F55BF00A7D067 /* Udacity Students */,
				C05430E2246F55B400A7D067 /* Udacity Requests */,
				C05430E1246F55AB00A7D067 /* Udacity Responses */,
			);
			path = Model;
			sourceTree = "<group>";
		};
		C05430D7246F434100A7D067 /* View */ = {
			isa = PBXGroup;
			children = (
				C05430C8246F431900A7D067 /* Main.storyboard */,
				C05430CB246F431A00A7D067 /* Assets.xcassets */,
				C05430CD246F431A00A7D067 /* LaunchScreen.storyboard */,
			);
			path = View;
			sourceTree = "<group>";
		};
		C05430D8246F434700A7D067 /* Controller */ = {
			isa = PBXGroup;
			children = (
				C05430C6246F431900A7D067 /* ViewController.swift */,
			);
			path = Controller;
			sourceTree = "<group>";
		};
		C05430E1246F55AB00A7D067 /* Udacity Responses */ = {
			isa = PBXGroup;
			children = (
			);
			path = "Udacity Responses";
			sourceTree = "<group>";
		};
		C05430E2246F55B400A7D067 /* Udacity Requests */ = {
			isa = PBXGroup;
			children = (
			);
			path = "Udacity Requests";
			sourceTree = "<group>";
		};
		C05430E3246F55BF00A7D067 /* Udacity Students */ = {
			isa = PBXGroup;
			children = (
				C05430DF246F522200A7D067 /* Student.swift */,
				C05430D9246F480B00A7D067 /* StudentLocation.swift */,
			);
			path = "Udacity Students";
			sourceTree = "<group>";
		};
		C05430E4246F55DD00A7D067 /* Data */ = {
			isa = PBXGroup;
			children = (
				C05430DD246F4B3400A7D067 /* ACL.swift */,
			);
			path = Data;
			sourceTree = "<group>";
		};
/* End PBXGroup section */

/* Begin PBXNativeTarget section */
		C05430BE246F431900A7D067 /* OnTheMap */ = {
			isa = PBXNativeTarget;
			buildConfigurationList = C05430D3246F431A00A7D067 /* Build configuration list for PBXNativeTarget "OnTheMap" */;
			buildPhases = (
				C05430BB246F431900A7D067 /* Sources */,
				C05430BC246F431900A7D067 /* Frameworks */,
				C05430BD246F431900A7D067 /* Resources */,
			);
			buildRules = (
			);
			dependencies = (
			);
			name = OnTheMap;
			productName = OnTheMap;
			productReference = C05430BF246F431900A7D067 /* OnTheMap.app */;
			productType = "com.apple.product-type.application";
		};
/* End PBXNativeTarget section */

/* Begin PBXProject section */
		C05430B7246F431900A7D067 /* Project object */ = {
			isa = PBXProject;
			attributes = {
				LastSwiftUpdateCheck = 1130;
				LastUpgradeCheck = 1130;
				ORGANIZATIONNAME = Udacity;
				TargetAttributes = {
					C05430BE246F431900A7D067 = {
						CreatedOnToolsVersion = 11.3;
					};
				};
			};
			buildConfigurationList = C05430BA246F431900A7D067 /* Build configuration list for PBXProject "OnTheMap" */;
			compatibilityVersion = "Xcode 9.3";
			developmentRegion = en;
			hasScannedForEncodings = 0;
			knownRegions = (
				en,
				Base,
			);
			mainGroup = C05430B6246F431900A7D067;
			productRefGroup = C05430C0246F431900A7D067 /* Products */;
			projectDirPath = "";
			projectRoot = "";
			targets = (
				C05430BE246F431900A7D067 /* OnTheMap */,
			);
		};
/* End PBXProject section */

/* Begin PBXResourcesBuildPhase section */
		C05430BD246F431900A7D067 /* Resources */ = {
			isa = PBXResourcesBuildPhase;
			buildActionMask = 2147483647;
			files = (
				C05430CF246F431A00A7D067 /* LaunchScreen.storyboard in Resources */,
				C05430CC246F431A00A7D067 /* Assets.xcassets in Resources */,
				C05430CA246F431900A7D067 /* Main.storyboard in Resources */,
			);
			runOnlyForDeploymentPostprocessing = 0;
		};
/* End PBXResourcesBuildPhase section */

/* Begin PBXSourcesBuildPhase section */
		C05430BB246F431900A7D067 /* Sources */ = {
			isa = PBXSourcesBuildPhase;
			buildActionMask = 2147483647;
			files = (
				C05430C7246F431900A7D067 /* ViewController.swift in Sources */,
				C05430E0246F522200A7D067 /* Student.swift in Sources */,
				C05430C3246F431900A7D067 /* AppDelegate.swift in Sources */,
				C05430C5246F431900A7D067 /* SceneDelegate.swift in Sources */,
				C05430DE246F4B3400A7D067 /* ACL.swift in Sources */,
				C05430DA246F480B00A7D067 /* StudentLocation.swift in Sources */,
			);
			runOnlyForDeploymentPostprocessing = 0;
		};
/* End PBXSourcesBuildPhase section */

/* Begin PBXVariantGroup section */
		C05430C8246F431900A7D067 /* Main.storyboard */ = {
			isa = PBXVariantGroup;
			children = (
				C05430C9246F431900A7D067 /* Base */,
			);
			name = Main.storyboard;
			sourceTree = "<group>";
		};
		C05430CD246F431A00A7D067 /* LaunchScreen.storyboard */ = {
			isa = PBXVariantGroup;
			children = (
				C05430CE246F431A00A7D067 /* Base */,
			);
			name = LaunchScreen.storyboard;
			sourceTree = "<group>";
		};
/* End PBXVariantGroup section */

/* Begin XCBuildConfiguration section */
		C05430D1246F431A00A7D067 /* Debug */ = {
			isa = XCBuildConfiguration;
			buildSettings = {
				ALWAYS_SEARCH_USER_PATHS = NO;
				CLANG_ANALYZER_NONNULL = YES;
				CLANG_ANALYZER_NUMBER_OBJECT_CONVERSION = YES_AGGRESSIVE;
				CLANG_CXX_LANGUAGE_STANDARD = "gnu++14";
				CLANG_CXX_LIBRARY = "libc++";
				CLANG_ENABLE_MODULES = YES;
				CLANG_ENABLE_OBJC_ARC = YES;
				CLANG_ENABLE_OBJC_WEAK = YES;
				CLANG_WARN_BLOCK_CAPTURE_AUTORELEASING = YES;
				CLANG_WARN_BOOL_CONVERSION = YES;
				CLANG_WARN_COMMA = YES;
				CLANG_WARN_CONSTANT_CONVERSION = YES;
				CLANG_WARN_DEPRECATED_OBJC_IMPLEMENTATIONS = YES;
				CLANG_WARN_DIRECT_OBJC_ISA_USAGE = YES_ERROR;
				CLANG_WARN_DOCUMENTATION_COMMENTS = YES;
				CLANG_WARN_EMPTY_BODY = YES;
				CLANG_WARN_ENUM_CONVERSION = YES;
				CLANG_WARN_INFINITE_RECURSION = YES;
				CLANG_WARN_INT_CONVERSION = YES;
				CLANG_WARN_NON_LITERAL_NULL_CONVERSION = YES;
				CLANG_WARN_OBJC_IMPLICIT_RETAIN_SELF = YES;
				CLANG_WARN_OBJC_LITERAL_CONVERSION = YES;
				CLANG_WARN_OBJC_ROOT_CLASS = YES_ERROR;
				CLANG_WARN_RANGE_LOOP_ANALYSIS = YES;
				CLANG_WARN_STRICT_PROTOTYPES = YES;
				CLANG_WARN_SUSPICIOUS_MOVE = YES;
				CLANG_WARN_UNGUARDED_AVAILABILITY = YES_AGGRESSIVE;
				CLANG_WARN_UNREACHABLE_CODE = YES;
				CLANG_WARN__DUPLICATE_METHOD_MATCH = YES;
				COPY_PHASE_STRIP = NO;
				DEBUG_INFORMATION_FORMAT = dwarf;
				ENABLE_STRICT_OBJC_MSGSEND = YES;
				ENABLE_TESTABILITY = YES;
				GCC_C_LANGUAGE_STANDARD = gnu11;
				GCC_DYNAMIC_NO_PIC = NO;
				GCC_NO_COMMON_BLOCKS = YES;
				GCC_OPTIMIZATION_LEVEL = 0;
				GCC_PREPROCESSOR_DEFINITIONS = (
					"DEBUG=1",
					"$(inherited)",
				);
				GCC_WARN_64_TO_32_BIT_CONVERSION = YES;
				GCC_WARN_ABOUT_RETURN_TYPE = YES_ERROR;
				GCC_WARN_UNDECLARED_SELECTOR = YES;
				GCC_WARN_UNINITIALIZED_AUTOS = YES_AGGRESSIVE;
				GCC_WARN_UNUSED_FUNCTION = YES;
				GCC_WARN_UNUSED_VARIABLE = YES;
				IPHONEOS_DEPLOYMENT_TARGET = 13.2;
				MTL_ENABLE_DEBUG_INFO = INCLUDE_SOURCE;
				MTL_FAST_MATH = YES;
				ONLY_ACTIVE_ARCH = YES;
				SDKROOT = iphoneos;
				SWIFT_ACTIVE_COMPILATION_CONDITIONS = DEBUG;
				SWIFT_OPTIMIZATION_LEVEL = "-Onone";
			};
			name = Debug;
		};
		C05430D2246F431A00A7D067 /* Release */ = {
			isa = XCBuildConfiguration;
			buildSettings = {
				ALWAYS_SEARCH_USER_PATHS = NO;
				CLANG_ANALYZER_NONNULL = YES;
				CLANG_ANALYZER_NUMBER_OBJECT_CONVERSION = YES_AGGRESSIVE;
				CLANG_CXX_LANGUAGE_STANDARD = "gnu++14";
				CLANG_CXX_LIBRARY = "libc++";
				CLANG_ENABLE_MODULES = YES;
				CLANG_ENABLE_OBJC_ARC = YES;
				CLANG_ENABLE_OBJC_WEAK = YES;
				CLANG_WARN_BLOCK_CAPTURE_AUTORELEASING = YES;
				CLANG_WARN_BOOL_CONVERSION = YES;
				CLANG_WARN_COMMA = YES;
				CLANG_WARN_CONSTANT_CONVERSION = YES;
				CLANG_WARN_DEPRECATED_OBJC_IMPLEMENTATIONS = YES;
				CLANG_WARN_DIRECT_OBJC_ISA_USAGE = YES_ERROR;
				CLANG_WARN_DOCUMENTATION_COMMENTS = YES;
				CLANG_WARN_EMPTY_BODY = YES;
				CLANG_WARN_ENUM_CONVERSION = YES;
				CLANG_WARN_INFINITE_RECURSION = YES;
				CLANG_WARN_INT_CONVERSION = YES;
				CLANG_WARN_NON_LITERAL_NULL_CONVERSION = YES;
				CLANG_WARN_OBJC_IMPLICIT_RETAIN_SELF = YES;
				CLANG_WARN_OBJC_LITERAL_CONVERSION = YES;
				CLANG_WARN_OBJC_ROOT_CLASS = YES_ERROR;
				CLANG_WARN_RANGE_LOOP_ANALYSIS = YES;
				CLANG_WARN_STRICT_PROTOTYPES = YES;
				CLANG_WARN_SUSPICIOUS_MOVE = YES;
				CLANG_WARN_UNGUARDED_AVAILABILITY = YES_AGGRESSIVE;
				CLANG_WARN_UNREACHABLE_CODE = YES;
				CLANG_WARN__DUPLICATE_METHOD_MATCH = YES;
				COPY_PHASE_STRIP = NO;
				DEBUG_INFORMATION_FORMAT = "dwarf-with-dsym";
				ENABLE_NS_ASSERTIONS = NO;
				ENABLE_STRICT_OBJC_MSGSEND = YES;
				GCC_C_LANGUAGE_STANDARD = gnu11;
				GCC_NO_COMMON_BLOCKS = YES;
				GCC_WARN_64_TO_32_BIT_CONVERSION = YES;
				GCC_WARN_ABOUT_RETURN_TYPE = YES_ERROR;
				GCC_WARN_UNDECLARED_SELECTOR = YES;
				GCC_WARN_UNINITIALIZED_AUTOS = YES_AGGRESSIVE;
				GCC_WARN_UNUSED_FUNCTION = YES;
				GCC_WARN_UNUSED_VARIABLE = YES;
				IPHONEOS_DEPLOYMENT_TARGET = 13.2;
				MTL_ENABLE_DEBUG_INFO = NO;
				MTL_FAST_MATH = YES;
				SDKROOT = iphoneos;
				SWIFT_COMPILATION_MODE = wholemodule;
				SWIFT_OPTIMIZATION_LEVEL = "-O";
				VALIDATE_PRODUCT = YES;
			};
			name = Release;
		};
		C05430D4246F431A00A7D067 /* Debug */ = {
			isa = XCBuildConfiguration;
			buildSettings = {
				ASSETCATALOG_COMPILER_APPICON_NAME = AppIcon;
				CODE_SIGN_STYLE = Automatic;
				INFOPLIST_FILE = OnTheMap/Info.plist;
				LD_RUNPATH_SEARCH_PATHS = (
					"$(inherited)",
					"@executable_path/Frameworks",
				);
				PRODUCT_BUNDLE_IDENTIFIER = com.udacity.OnTheMap;
				PRODUCT_NAME = "$(TARGET_NAME)";
				SWIFT_VERSION = 5.0;
				TARGETED_DEVICE_FAMILY = "1,2";
			};
			name = Debug;
		};
		C05430D5246F431A00A7D067 /* Release */ = {
			isa = XCBuildConfiguration;
			buildSettings = {
				ASSETCATALOG_COMPILER_APPICON_NAME = AppIcon;
				CODE_SIGN_STYLE = Automatic;
				INFOPLIST_FILE = OnTheMap/Info.plist;
				LD_RUNPATH_SEARCH_PATHS = (
					"$(inherited)",
					"@executable_path/Frameworks",
				);
				PRODUCT_BUNDLE_IDENTIFIER = com.udacity.OnTheMap;
				PRODUCT_NAME = "$(TARGET_NAME)";
				SWIFT_VERSION = 5.0;
				TARGETED_DEVICE_FAMILY = "1,2";
			};
			name = Release;
		};
/* End XCBuildConfiguration section */

/* Begin XCConfigurationList section */
		C05430BA246F431900A7D067 /* Build configuration list for PBXProject "OnTheMap" */ = {
			isa = XCConfigurationList;
			buildConfigurations = (
				C05430D1246F431A00A7D067 /* Debug */,
				C05430D2246F431A00A7D067 /* Release */,
			);
			defaultConfigurationIsVisible = 0;
			defaultConfigurationName = Release;
		};
		C05430D3246F431A00A7D067 /* Build configuration list for PBXNativeTarget "OnTheMap" */ = {
			isa = XCConfigurationList;
			buildConfigurations = (
				C05430D4246F431A00A7D067 /* Debug */,
				C05430D5246F431A00A7D067 /* Release */,
			);
			defaultConfigurationIsVisible = 0;
			defaultConfigurationName = Release;
		};
/* End XCConfigurationList section */
	};
	rootObject = C05430B7246F431900A7D067 /* Project object */;
}
