// !$*UTF8*$!
{
	archiveVersion = 1;
	classes = {
	};
	objectVersion = 52;
	objects = {

/* Begin PBXBuildFile section */
		C023EEB5247345C9008C4EAA /* StudentResults.swift in Sources */ = {isa = PBXBuildFile; fileRef = C023EEB4247345C9008C4EAA /* StudentResults.swift */; };
		C023EEB72473491A008C4EAA /* TableViewController.swift in Sources */ = {isa = PBXBuildFile; fileRef = C023EEB62473491A008C4EAA /* TableViewController.swift */; };
		C023EEB92473492A008C4EAA /* LoginViewController.swift in Sources */ = {isa = PBXBuildFile; fileRef = C023EEB82473492A008C4EAA /* LoginViewController.swift */; };
		C023EEBB24734940008C4EAA /* InformationPostingView.swift in Sources */ = {isa = PBXBuildFile; fileRef = C023EEBA24734940008C4EAA /* InformationPostingView.swift */; };
		C053D2BB247EF1780048A437 /* SessionRequest.swift in Sources */ = {isa = PBXBuildFile; fileRef = C053D2BA247EF1780048A437 /* SessionRequest.swift */; };
		C053D2BD247EF4180048A437 /* SessionResponse.swift in Sources */ = {isa = PBXBuildFile; fileRef = C053D2BC247EF4180048A437 /* SessionResponse.swift */; };
		C05430C3246F431900A7D067 /* AppDelegate.swift in Sources */ = {isa = PBXBuildFile; fileRef = C05430C2246F431900A7D067 /* AppDelegate.swift */; };
		C05430C5246F431900A7D067 /* SceneDelegate.swift in Sources */ = {isa = PBXBuildFile; fileRef = C05430C4246F431900A7D067 /* SceneDelegate.swift */; };
		C05430C7246F431900A7D067 /* MapViewController.swift in Sources */ = {isa = PBXBuildFile; fileRef = C05430C6246F431900A7D067 /* MapViewController.swift */; };
		C05430CA246F431900A7D067 /* Main.storyboard in Resources */ = {isa = PBXBuildFile; fileRef = C05430C8246F431900A7D067 /* Main.storyboard */; };
		C05430CC246F431A00A7D067 /* Assets.xcassets in Resources */ = {isa = PBXBuildFile; fileRef = C05430CB246F431A00A7D067 /* Assets.xcassets */; };
		C05430CF246F431A00A7D067 /* LaunchScreen.storyboard in Resources */ = {isa = PBXBuildFile; fileRef = C05430CD246F431A00A7D067 /* LaunchScreen.storyboard */; };
		C05430DA246F480B00A7D067 /* StudentLocation.swift in Sources */ = {isa = PBXBuildFile; fileRef = C05430D9246F480B00A7D067 /* StudentLocation.swift */; };
		C05430DE246F4B3400A7D067 /* ACL.swift in Sources */ = {isa = PBXBuildFile; fileRef = C05430DD246F4B3400A7D067 /* ACL.swift */; };
		C05430E0246F522200A7D067 /* StudentInformation.swift in Sources */ = {isa = PBXBuildFile; fileRef = C05430DF246F522200A7D067 /* StudentInformation.swift */; };
		C0593D34249037910033D7D8 /* UIViewController+Extension.swift in Sources */ = {isa = PBXBuildFile; fileRef = C0593D33249037910033D7D8 /* UIViewController+Extension.swift */; };
		C0593D3624903FA50033D7D8 /* AddLocationViewController.swift in Sources */ = {isa = PBXBuildFile; fileRef = C0593D3524903FA50033D7D8 /* AddLocationViewController.swift */; };
		C05B709624749CB700E7150A /* FacebookShare in Frameworks */ = {isa = PBXBuildFile; productRef = C05B709524749CB700E7150A /* FacebookShare */; };
		C05B709824749CB700E7150A /* FacebookCore in Frameworks */ = {isa = PBXBuildFile; productRef = C05B709724749CB700E7150A /* FacebookCore */; };
		C05B709A24749CB700E7150A /* FacebookGamingServices in Frameworks */ = {isa = PBXBuildFile; productRef = C05B709924749CB700E7150A /* FacebookGamingServices */; };
		C05B709C24749CB700E7150A /* FacebookLogin in Frameworks */ = {isa = PBXBuildFile; productRef = C05B709B24749CB700E7150A /* FacebookLogin */; };
		C060DA65248AEB4200CFA4A9 /* StudentResponse.swift in Sources */ = {isa = PBXBuildFile; fileRef = C060DA64248AEB4200CFA4A9 /* StudentResponse.swift */; };
		C060DA67248AF82100CFA4A9 /* StudentLocationModel.swift in Sources */ = {isa = PBXBuildFile; fileRef = C060DA66248AF82100CFA4A9 /* StudentLocationModel.swift */; };
		C06F80E524919A23009F1651 /* StudentPin.swift in Sources */ = {isa = PBXBuildFile; fileRef = C06F80E424919A23009F1651 /* StudentPin.swift */; };
		C06F80E72491AF33009F1651 /* PublicUserInfoResponse.swift in Sources */ = {isa = PBXBuildFile; fileRef = C06F80E62491AF33009F1651 /* PublicUserInfoResponse.swift */; };
		C0802ADB248F09CB005DDD2C /* TextField.swift in Sources */ = {isa = PBXBuildFile; fileRef = C0802ADA248F09CB005DDD2C /* TextField.swift */; };
/* End PBXBuildFile section */

/* Begin PBXFileReference section */
		C023EEB4247345C9008C4EAA /* StudentResults.swift */ = {isa = PBXFileReference; lastKnownFileType = sourcecode.swift; path = StudentResults.swift; sourceTree = "<group>"; };
		C023EEB62473491A008C4EAA /* TableViewController.swift */ = {isa = PBXFileReference; lastKnownFileType = sourcecode.swift; path = TableViewController.swift; sourceTree = "<group>"; };
		C023EEB82473492A008C4EAA /* LoginViewController.swift */ = {isa = PBXFileReference; lastKnownFileType = sourcecode.swift; path = LoginViewController.swift; sourceTree = "<group>"; };
		C023EEBA24734940008C4EAA /* InformationPostingView.swift */ = {isa = PBXFileReference; lastKnownFileType = sourcecode.swift; path = InformationPostingView.swift; sourceTree = "<group>"; };
		C053D2BA247EF1780048A437 /* SessionRequest.swift */ = {isa = PBXFileReference; lastKnownFileType = sourcecode.swift; path = SessionRequest.swift; sourceTree = "<group>"; };
		C053D2BC247EF4180048A437 /* SessionResponse.swift */ = {isa = PBXFileReference; lastKnownFileType = sourcecode.swift; path = SessionResponse.swift; sourceTree = "<group>"; };
		C05430BF246F431900A7D067 /* OnTheMap.app */ = {isa = PBXFileReference; explicitFileType = wrapper.application; includeInIndex = 0; path = OnTheMap.app; sourceTree = BUILT_PRODUCTS_DIR; };
		C05430C2246F431900A7D067 /* AppDelegate.swift */ = {isa = PBXFileReference; lastKnownFileType = sourcecode.swift; path = AppDelegate.swift; sourceTree = "<group>"; };
		C05430C4246F431900A7D067 /* SceneDelegate.swift */ = {isa = PBXFileReference; lastKnownFileType = sourcecode.swift; path = SceneDelegate.swift; sourceTree = "<group>"; };
		C05430C6246F431900A7D067 /* MapViewController.swift */ = {isa = PBXFileReference; lastKnownFileType = sourcecode.swift; path = MapViewController.swift; sourceTree = "<group>"; };
		C05430C9246F431900A7D067 /* Base */ = {isa = PBXFileReference; lastKnownFileType = file.storyboard; name = Base; path = Base.lproj/Main.storyboard; sourceTree = "<group>"; };
		C05430CB246F431A00A7D067 /* Assets.xcassets */ = {isa = PBXFileReference; lastKnownFileType = folder.assetcatalog; path = Assets.xcassets; sourceTree = "<group>"; };
		C05430CE246F431A00A7D067 /* Base */ = {isa = PBXFileReference; lastKnownFileType = file.storyboard; name = Base; path = Base.lproj/LaunchScreen.storyboard; sourceTree = "<group>"; };
		C05430D0246F431A00A7D067 /* Info.plist */ = {isa = PBXFileReference; lastKnownFileType = text.plist.xml; path = Info.plist; sourceTree = "<group>"; };
		C05430D9246F480B00A7D067 /* StudentLocation.swift */ = {isa = PBXFileReference; lastKnownFileType = sourcecode.swift; path = StudentLocation.swift; sourceTree = "<group>"; };
		C05430DD246F4B3400A7D067 /* ACL.swift */ = {isa = PBXFileReference; lastKnownFileType = sourcecode.swift; path = ACL.swift; sourceTree = "<group>"; };
		C05430DF246F522200A7D067 /* StudentInformation.swift */ = {isa = PBXFileReference; lastKnownFileType = sourcecode.swift; path = StudentInformation.swift; sourceTree = "<group>"; };
		C0593D33249037910033D7D8 /* UIViewController+Extension.swift */ = {isa = PBXFileReference; lastKnownFileType = sourcecode.swift; path = "UIViewController+Extension.swift"; sourceTree = "<group>"; };
		C0593D3524903FA50033D7D8 /* AddLocationViewController.swift */ = {isa = PBXFileReference; lastKnownFileType = sourcecode.swift; path = AddLocationViewController.swift; sourceTree = "<group>"; };
		C060DA64248AEB4200CFA4A9 /* StudentResponse.swift */ = {isa = PBXFileReference; lastKnownFileType = sourcecode.swift; path = StudentResponse.swift; sourceTree = "<group>"; };
		C060DA66248AF82100CFA4A9 /* StudentLocationModel.swift */ = {isa = PBXFileReference; lastKnownFileType = sourcecode.swift; path = StudentLocationModel.swift; sourceTree = "<group>"; };
		C06F80E424919A23009F1651 /* StudentPin.swift */ = {isa = PBXFileReference; lastKnownFileType = sourcecode.swift; path = StudentPin.swift; sourceTree = "<group>"; };
		C06F80E62491AF33009F1651 /* PublicUserInfoResponse.swift */ = {isa = PBXFileReference; lastKnownFileType = sourcecode.swift; path = PublicUserInfoResponse.swift; sourceTree = "<group>"; };
		C0802ADA248F09CB005DDD2C /* TextField.swift */ = {isa = PBXFileReference; lastKnownFileType = sourcecode.swift; path = TextField.swift; sourceTree = "<group>"; };
/* End PBXFileReference section */

/* Begin PBXFrameworksBuildPhase section */
		C05430BC246F431900A7D067 /* Frameworks */ = {
			isa = PBXFrameworksBuildPhase;
			buildActionMask = 2147483647;
			files = (
				C05B709C24749CB700E7150A /* FacebookLogin in Frameworks */,
				C05B709A24749CB700E7150A /* FacebookGamingServices in Frameworks */,
				C05B709624749CB700E7150A /* FacebookShare in Frameworks */,
				C05B709824749CB700E7150A /* FacebookCore in Frameworks */,
			);
			runOnlyForDeploymentPostprocessing = 0;
		};
/* End PBXFrameworksBuildPhase section */

/* Begin PBXGroup section */
		C05430B6246F431900A7D067 = {
			isa = PBXGroup;
			children = (
				C05430C1246F431900A7D067 /* OnTheMap */,
				C05430C0246F431900A7D067 /* Products */,
			);
			sourceTree = "<group>";
		};
		C05430C0246F431900A7D067 /* Products */ = {
			isa = PBXGroup;
			children = (
				C05430BF246F431900A7D067 /* OnTheMap.app */,
			);
			name = Products;
			sourceTree = "<group>";
		};
		C05430C1246F431900A7D067 /* OnTheMap */ = {
			isa = PBXGroup;
			children = (
				C05430C2246F431900A7D067 /* AppDelegate.swift */,
				C05430C4246F431900A7D067 /* SceneDelegate.swift */,
				C05430D0246F431A00A7D067 /* Info.plist */,
				C05430D8246F434700A7D067 /* Controller */,
				C05430D7246F434100A7D067 /* View */,
				C05430D6246F433400A7D067 /* Model */,
			);
			path = OnTheMap;
			sourceTree = "<group>";
		};
		C05430D6246F433400A7D067 /* Model */ = {
			isa = PBXGroup;
			children = (
				C05430E4246F55DD00A7D067 /* Data */,
				C05430E3246F55BF00A7D067 /* Udacity Students */,
				C05430E2246F55B400A7D067 /* Udacity Requests */,
				C05430E1246F55AB00A7D067 /* Udacity Responses */,
			);
			path = Model;
			sourceTree = "<group>";
		};
		C05430D7246F434100A7D067 /* View */ = {
			isa = PBXGroup;
			children = (
				C05430C8246F431900A7D067 /* Main.storyboard */,
				C05430CB246F431A00A7D067 /* Assets.xcassets */,
				C05430CD246F431A00A7D067 /* LaunchScreen.storyboard */,
			);
			path = View;
			sourceTree = "<group>";
		};
		C05430D8246F434700A7D067 /* Controller */ = {
			isa = PBXGroup;
			children = (
				C05430C6246F431900A7D067 /* MapViewController.swift */,
				C023EEB62473491A008C4EAA /* TableViewController.swift */,
				C023EEB82473492A008C4EAA /* LoginViewController.swift */,
				C023EEBA24734940008C4EAA /* InformationPostingView.swift */,
				C0593D33249037910033D7D8 /* UIViewController+Extension.swift */,
				C0593D3524903FA50033D7D8 /* AddLocationViewController.swift */,
			);
			path = Controller;
			sourceTree = "<group>";
		};
		C05430E1246F55AB00A7D067 /* Udacity Responses */ = {
			isa = PBXGroup;
			children = (
				C023EEB4247345C9008C4EAA /* StudentResults.swift */,
				C053D2BC247EF4180048A437 /* SessionResponse.swift */,
				C060DA64248AEB4200CFA4A9 /* StudentResponse.swift */,
				C06F80E62491AF33009F1651 /* PublicUserInfoResponse.swift */,
			);
			path = "Udacity Responses";
			sourceTree = "<group>";
		};
		C05430E2246F55B400A7D067 /* Udacity Requests */ = {
			isa = PBXGroup;
			children = (
				C053D2BA247EF1780048A437 /* SessionRequest.swift */,
			);
			path = "Udacity Requests";
			sourceTree = "<group>";
		};
		C05430E3246F55BF00A7D067 /* Udacity Students */ = {
			isa = PBXGroup;
			children = (
				C05430DF246F522200A7D067 /* StudentInformation.swift */,
				C05430D9246F480B00A7D067 /* StudentLocation.swift */,
			);
			path = "Udacity Students";
			sourceTree = "<group>";
		};
		C05430E4246F55DD00A7D067 /* Data */ = {
			isa = PBXGroup;
			children = (
				C05430DD246F4B3400A7D067 /* ACL.swift */,
				C060DA66248AF82100CFA4A9 /* StudentLocationModel.swift */,
				C0802ADA248F09CB005DDD2C /* TextField.swift */,
				C06F80E424919A23009F1651 /* StudentPin.swift */,
			);
			path = Data;
			sourceTree = "<group>";
		};
/* End PBXGroup section */

/* Begin PBXNativeTarget section */
		C05430BE246F431900A7D067 /* OnTheMap */ = {
			isa = PBXNativeTarget;
			buildConfigurationList = C05430D3246F431A00A7D067 /* Build configuration list for PBXNativeTarget "OnTheMap" */;
			buildPhases = (
				C05430BB246F431900A7D067 /* Sources */,
				C05430BC246F431900A7D067 /* Frameworks */,
				C05430BD246F431900A7D067 /* Resources */,
			);
			buildRules = (
			);
			dependencies = (
			);
			name = OnTheMap;
			packageProductDependencies = (
				C05B709524749CB700E7150A /* FacebookShare */,
				C05B709724749CB700E7150A /* FacebookCore */,
				C05B709924749CB700E7150A /* FacebookGamingServices */,
				C05B709B24749CB700E7150A /* FacebookLogin */,
			);
			productName = OnTheMap;
			productReference = C05430BF246F431900A7D067 /* OnTheMap.app */;
			productType = "com.apple.product-type.application";
		};
/* End PBXNativeTarget section */

/* Begin PBXProject section */
		C05430B7246F431900A7D067 /* Project object */ = {
			isa = PBXProject;
			attributes = {
				LastSwiftUpdateCheck = 1130;
				LastUpgradeCheck = 1130;
				ORGANIZATIONNAME = Udacity;
				TargetAttributes = {
					C05430BE246F431900A7D067 = {
						CreatedOnToolsVersion = 11.3;
					};
				};
			};
			buildConfigurationList = C05430BA246F431900A7D067 /* Build configuration list for PBXProject "OnTheMap" */;
			compatibilityVersion = "Xcode 9.3";
			developmentRegion = en;
			hasScannedForEncodings = 0;
			knownRegions = (
				en,
				Base,
			);
			mainGroup = C05430B6246F431900A7D067;
			packageReferences = (
				C05B709424749CB700E7150A /* XCRemoteSwiftPackageReference "facebook-ios-sdk" */,
			);
			productRefGroup = C05430C0246F431900A7D067 /* Products */;
			projectDirPath = "";
			projectRoot = "";
			targets = (
				C05430BE246F431900A7D067 /* OnTheMap */,
			);
		};
/* End PBXProject section */

/* Begin PBXResourcesBuildPhase section */
		C05430BD246F431900A7D067 /* Resources */ = {
			isa = PBXResourcesBuildPhase;
			buildActionMask = 2147483647;
			files = (
				C05430CF246F431A00A7D067 /* LaunchScreen.storyboard in Resources */,
				C05430CC246F431A00A7D067 /* Assets.xcassets in Resources */,
				C05430CA246F431900A7D067 /* Main.storyboard in Resources */,
			);
			runOnlyForDeploymentPostprocessing = 0;
		};
/* End PBXResourcesBuildPhase section */

/* Begin PBXSourcesBuildPhase section */
		C05430BB246F431900A7D067 /* Sources */ = {
			isa = PBXSourcesBuildPhase;
			buildActionMask = 2147483647;
			files = (
				C0593D34249037910033D7D8 /* UIViewController+Extension.swift in Sources */,
				C023EEB92473492A008C4EAA /* LoginViewController.swift in Sources */,
				C05430C7246F431900A7D067 /* MapViewController.swift in Sources */,
				C060DA67248AF82100CFA4A9 /* StudentLocationModel.swift in Sources */,
				C0802ADB248F09CB005DDD2C /* TextField.swift in Sources */,
				C06F80E524919A23009F1651 /* StudentPin.swift in Sources */,
				C05430E0246F522200A7D067 /* StudentInformation.swift in Sources */,
				C023EEB5247345C9008C4EAA /* StudentResults.swift in Sources */,
				C023EEBB24734940008C4EAA /* InformationPostingView.swift in Sources */,
				C023EEB72473491A008C4EAA /* TableViewController.swift in Sources */,
				C06F80E72491AF33009F1651 /* PublicUserInfoResponse.swift in Sources */,
				C05430C3246F431900A7D067 /* AppDelegate.swift in Sources */,
				C0593D3624903FA50033D7D8 /* AddLocationViewController.swift in Sources */,
				C05430C5246F431900A7D067 /* SceneDelegate.swift in Sources */,
				C05430DE246F4B3400A7D067 /* ACL.swift in Sources */,
				C05430DA246F480B00A7D067 /* StudentLocation.swift in Sources */,
				C053D2BB247EF1780048A437 /* SessionRequest.swift in Sources */,
				C053D2BD247EF4180048A437 /* SessionResponse.swift in Sources */,
				C060DA65248AEB4200CFA4A9 /* StudentResponse.swift in Sources */,
			);
			runOnlyForDeploymentPostprocessing = 0;
		};
/* End PBXSourcesBuildPhase section */

/* Begin PBXVariantGroup section */
		C05430C8246F431900A7D067 /* Main.storyboard */ = {
			isa = PBXVariantGroup;
			children = (
				C05430C9246F431900A7D067 /* Base */,
			);
			name = Main.storyboard;
			sourceTree = "<group>";
		};
		C05430CD246F431A00A7D067 /* LaunchScreen.storyboard */ = {
			isa = PBXVariantGroup;
			children = (
				C05430CE246F431A00A7D067 /* Base */,
			);
			name = LaunchScreen.storyboard;
			sourceTree = "<group>";
		};
/* End PBXVariantGroup section */

/* Begin XCBuildConfiguration section */
		C05430D1246F431A00A7D067 /* Debug */ = {
			isa = XCBuildConfiguration;
			buildSettings = {
				ALWAYS_SEARCH_USER_PATHS = NO;
				CLANG_ANALYZER_NONNULL = YES;
				CLANG_ANALYZER_NUMBER_OBJECT_CONVERSION = YES_AGGRESSIVE;
				CLANG_CXX_LANGUAGE_STANDARD = "gnu++14";
				CLANG_CXX_LIBRARY = "libc++";
				CLANG_ENABLE_MODULES = YES;
				CLANG_ENABLE_OBJC_ARC = YES;
				CLANG_ENABLE_OBJC_WEAK = YES;
				CLANG_WARN_BLOCK_CAPTURE_AUTORELEASING = YES;
				CLANG_WARN_BOOL_CONVERSION = YES;
				CLANG_WARN_COMMA = YES;
				CLANG_WARN_CONSTANT_CONVERSION = YES;
				CLANG_WARN_DEPRECATED_OBJC_IMPLEMENTATIONS = YES;
				CLANG_WARN_DIRECT_OBJC_ISA_USAGE = YES_ERROR;
				CLANG_WARN_DOCUMENTATION_COMMENTS = YES;
				CLANG_WARN_EMPTY_BODY = YES;
				CLANG_WARN_ENUM_CONVERSION = YES;
				CLANG_WARN_INFINITE_RECURSION = YES;
				CLANG_WARN_INT_CONVERSION = YES;
				CLANG_WARN_NON_LITERAL_NULL_CONVERSION = YES;
				CLANG_WARN_OBJC_IMPLICIT_RETAIN_SELF = YES;
				CLANG_WARN_OBJC_LITERAL_CONVERSION = YES;
				CLANG_WARN_OBJC_ROOT_CLASS = YES_ERROR;
				CLANG_WARN_RANGE_LOOP_ANALYSIS = YES;
				CLANG_WARN_STRICT_PROTOTYPES = YES;
				CLANG_WARN_SUSPICIOUS_MOVE = YES;
				CLANG_WARN_UNGUARDED_AVAILABILITY = YES_AGGRESSIVE;
				CLANG_WARN_UNREACHABLE_CODE = YES;
				CLANG_WARN__DUPLICATE_METHOD_MATCH = YES;
				COPY_PHASE_STRIP = NO;
				DEBUG_INFORMATION_FORMAT = dwarf;
				ENABLE_STRICT_OBJC_MSGSEND = YES;
				ENABLE_TESTABILITY = YES;
				GCC_C_LANGUAGE_STANDARD = gnu11;
				GCC_DYNAMIC_NO_PIC = NO;
				GCC_NO_COMMON_BLOCKS = YES;
				GCC_OPTIMIZATION_LEVEL = 0;
				GCC_PREPROCESSOR_DEFINITIONS = (
					"DEBUG=1",
					"$(inherited)",
				);
				GCC_WARN_64_TO_32_BIT_CONVERSION = YES;
				GCC_WARN_ABOUT_RETURN_TYPE = YES_ERROR;
				GCC_WARN_UNDECLARED_SELECTOR = YES;
				GCC_WARN_UNINITIALIZED_AUTOS = YES_AGGRESSIVE;
				GCC_WARN_UNUSED_FUNCTION = YES;
				GCC_WARN_UNUSED_VARIABLE = YES;
				IPHONEOS_DEPLOYMENT_TARGET = 13.2;
				MTL_ENABLE_DEBUG_INFO = INCLUDE_SOURCE;
				MTL_FAST_MATH = YES;
				ONLY_ACTIVE_ARCH = YES;
				SDKROOT = iphoneos;
				SWIFT_ACTIVE_COMPILATION_CONDITIONS = DEBUG;
				SWIFT_OPTIMIZATION_LEVEL = "-Onone";
			};
			name = Debug;
		};
		C05430D2246F431A00A7D067 /* Release */ = {
			isa = XCBuildConfiguration;
			buildSettings = {
				ALWAYS_SEARCH_USER_PATHS = NO;
				CLANG_ANALYZER_NONNULL = YES;
				CLANG_ANALYZER_NUMBER_OBJECT_CONVERSION = YES_AGGRESSIVE;
				CLANG_CXX_LANGUAGE_STANDARD = "gnu++14";
				CLANG_CXX_LIBRARY = "libc++";
				CLANG_ENABLE_MODULES = YES;
				CLANG_ENABLE_OBJC_ARC = YES;
				CLANG_ENABLE_OBJC_WEAK = YES;
				CLANG_WARN_BLOCK_CAPTURE_AUTORELEASING = YES;
				CLANG_WARN_BOOL_CONVERSION = YES;
				CLANG_WARN_COMMA = YES;
				CLANG_WARN_CONSTANT_CONVERSION = YES;
				CLANG_WARN_DEPRECATED_OBJC_IMPLEMENTATIONS = YES;
				CLANG_WARN_DIRECT_OBJC_ISA_USAGE = YES_ERROR;
				CLANG_WARN_DOCUMENTATION_COMMENTS = YES;
				CLANG_WARN_EMPTY_BODY = YES;
				CLANG_WARN_ENUM_CONVERSION = YES;
				CLANG_WARN_INFINITE_RECURSION = YES;
				CLANG_WARN_INT_CONVERSION = YES;
				CLANG_WARN_NON_LITERAL_NULL_CONVERSION = YES;
				CLANG_WARN_OBJC_IMPLICIT_RETAIN_SELF = YES;
				CLANG_WARN_OBJC_LITERAL_CONVERSION = YES;
				CLANG_WARN_OBJC_ROOT_CLASS = YES_ERROR;
				CLANG_WARN_RANGE_LOOP_ANALYSIS = YES;
				CLANG_WARN_STRICT_PROTOTYPES = YES;
				CLANG_WARN_SUSPICIOUS_MOVE = YES;
				CLANG_WARN_UNGUARDED_AVAILABILITY = YES_AGGRESSIVE;
				CLANG_WARN_UNREACHABLE_CODE = YES;
				CLANG_WARN__DUPLICATE_METHOD_MATCH = YES;
				COPY_PHASE_STRIP = NO;
				DEBUG_INFORMATION_FORMAT = "dwarf-with-dsym";
				ENABLE_NS_ASSERTIONS = NO;
				ENABLE_STRICT_OBJC_MSGSEND = YES;
				GCC_C_LANGUAGE_STANDARD = gnu11;
				GCC_NO_COMMON_BLOCKS = YES;
				GCC_WARN_64_TO_32_BIT_CONVERSION = YES;
				GCC_WARN_ABOUT_RETURN_TYPE = YES_ERROR;
				GCC_WARN_UNDECLARED_SELECTOR = YES;
				GCC_WARN_UNINITIALIZED_AUTOS = YES_AGGRESSIVE;
				GCC_WARN_UNUSED_FUNCTION = YES;
				GCC_WARN_UNUSED_VARIABLE = YES;
				IPHONEOS_DEPLOYMENT_TARGET = 13.2;
				MTL_ENABLE_DEBUG_INFO = NO;
				MTL_FAST_MATH = YES;
				SDKROOT = iphoneos;
				SWIFT_COMPILATION_MODE = wholemodule;
				SWIFT_OPTIMIZATION_LEVEL = "-O";
				VALIDATE_PRODUCT = YES;
			};
			name = Release;
		};
		C05430D4246F431A00A7D067 /* Debug */ = {
			isa = XCBuildConfiguration;
			buildSettings = {
				ASSETCATALOG_COMPILER_APPICON_NAME = AppIcon;
				CODE_SIGN_STYLE = Automatic;
				INFOPLIST_FILE = OnTheMap/Info.plist;
				LD_RUNPATH_SEARCH_PATHS = (
					"$(inherited)",
					"@executable_path/Frameworks",
				);
				PRODUCT_BUNDLE_IDENTIFIER = com.udacity.OnTheMap;
				PRODUCT_NAME = "$(TARGET_NAME)";
				SWIFT_VERSION = 5.0;
				TARGETED_DEVICE_FAMILY = "1,2";
			};
			name = Debug;
		};
		C05430D5246F431A00A7D067 /* Release */ = {
			isa = XCBuildConfiguration;
			buildSettings = {
				ASSETCATALOG_COMPILER_APPICON_NAME = AppIcon;
				CODE_SIGN_STYLE = Automatic;
				INFOPLIST_FILE = OnTheMap/Info.plist;
				LD_RUNPATH_SEARCH_PATHS = (
					"$(inherited)",
					"@executable_path/Frameworks",
				);
				PRODUCT_BUNDLE_IDENTIFIER = com.udacity.OnTheMap;
				PRODUCT_NAME = "$(TARGET_NAME)";
				SWIFT_VERSION = 5.0;
				TARGETED_DEVICE_FAMILY = "1,2";
			};
			name = Release;
		};
/* End XCBuildConfiguration section */

/* Begin XCConfigurationList section */
		C05430BA246F431900A7D067 /* Build configuration list for PBXProject "OnTheMap" */ = {
			isa = XCConfigurationList;
			buildConfigurations = (
				C05430D1246F431A00A7D067 /* Debug */,
				C05430D2246F431A00A7D067 /* Release */,
			);
			defaultConfigurationIsVisible = 0;
			defaultConfigurationName = Release;
		};
		C05430D3246F431A00A7D067 /* Build configuration list for PBXNativeTarget "OnTheMap" */ = {
			isa = XCConfigurationList;
			buildConfigurations = (
				C05430D4246F431A00A7D067 /* Debug */,
				C05430D5246F431A00A7D067 /* Release */,
			);
			defaultConfigurationIsVisible = 0;
			defaultConfigurationName = Release;
		};
/* End XCConfigurationList section */

/* Begin XCRemoteSwiftPackageReference section */
		C05B709424749CB700E7150A /* XCRemoteSwiftPackageReference "facebook-ios-sdk" */ = {
			isa = XCRemoteSwiftPackageReference;
			repositoryURL = "https://github.com/facebook/facebook-ios-sdk";
			requirement = {
				kind = upToNextMajorVersion;
				minimumVersion = 7.0.0;
			};
		};
/* End XCRemoteSwiftPackageReference section */

/* Begin XCSwiftPackageProductDependency section */
		C05B709524749CB700E7150A /* FacebookShare */ = {
			isa = XCSwiftPackageProductDependency;
			package = C05B709424749CB700E7150A /* XCRemoteSwiftPackageReference "facebook-ios-sdk" */;
			productName = FacebookShare;
		};
		C05B709724749CB700E7150A /* FacebookCore */ = {
			isa = XCSwiftPackageProductDependency;
			package = C05B709424749CB700E7150A /* XCRemoteSwiftPackageReference "facebook-ios-sdk" */;
			productName = FacebookCore;
		};
		C05B709924749CB700E7150A /* FacebookGamingServices */ = {
			isa = XCSwiftPackageProductDependency;
			package = C05B709424749CB700E7150A /* XCRemoteSwiftPackageReference "facebook-ios-sdk" */;
			productName = FacebookGamingServices;
		};
		C05B709B24749CB700E7150A /* FacebookLogin */ = {
			isa = XCSwiftPackageProductDependency;
			package = C05B709424749CB700E7150A /* XCRemoteSwiftPackageReference "facebook-ios-sdk" */;
			productName = FacebookLogin;
		};
/* End XCSwiftPackageProductDependency section */
	};
	rootObject = C05430B7246F431900A7D067 /* Project object */;
}
